
Microsoft Visual Studio Solution File, Format Version 12.00
# Visual Studio 15
Project("{FAE04EC0-301F-11D3-BF4B-00C04F79EFBC}") = "Assembly-CSharp", "Assembly-CSharp.csproj", "{C324C6AC-7EE7-017C-7C33-45D6EC26D07D}"
EndProject
Global
	GlobalSection(SolutionConfigurationPlatforms) = preSolution
		Debug|Any CPU = Debug|Any CPU
		Release|Any CPU = Release|Any CPU
	EndGlobalSection
	GlobalSection(ProjectConfigurationPlatforms) = postSolution
		{C324C6AC-7EE7-017C-7C33-45D6EC26D07D}.Debug|Any CPU.ActiveCfg = Debug|Any CPU
		{C324C6AC-7EE7-017C-7C33-45D6EC26D07D}.Debug|Any CPU.Build.0 = Debug|Any CPU
		{C324C6AC-7EE7-017C-7C33-45D6EC26D07D}.Release|Any CPU.ActiveCfg = Release|Any CPU
		{C324C6AC-7EE7-017C-7C33-45D6EC26D07D}.Release|Any CPU.Build.0 = Release|Any CPU
	EndGlobalSection
	GlobalSection(SolutionProperties) = preSolution
		HideSolutionNode = FALSE
	EndGlobalSection
EndGlobal
